// !$*UTF8*$!
{
	archiveVersion = 1;
	classes = {
	};
	objectVersion = 52;
	objects = {

/* Begin PBXBuildFile section */
		A9469C4024C0486A00119BCE /* AppDelegate.m in Sources */ = {isa = PBXBuildFile; fileRef = A9469C3F24C0486A00119BCE /* AppDelegate.m */; };
		A9469C4624C0486A00119BCE /* ViewController.m in Sources */ = {isa = PBXBuildFile; fileRef = A9469C4524C0486A00119BCE /* ViewController.m */; };
		A9469C4924C0486A00119BCE /* Main.storyboard in Resources */ = {isa = PBXBuildFile; fileRef = A9469C4724C0486A00119BCE /* Main.storyboard */; };
		A9469C4B24C0486C00119BCE /* Assets.xcassets in Resources */ = {isa = PBXBuildFile; fileRef = A9469C4A24C0486C00119BCE /* Assets.xcassets */; };
		A9469C4E24C0486C00119BCE /* LaunchScreen.storyboard in Resources */ = {isa = PBXBuildFile; fileRef = A9469C4C24C0486C00119BCE /* LaunchScreen.storyboard */; };
		A9469C5124C0486C00119BCE /* main.m in Sources */ = {isa = PBXBuildFile; fileRef = A9469C5024C0486C00119BCE /* main.m */; };
		A96D5C2325CBEB5C000C0290 /* Next14CMP.xcframework in Frameworks */ = {isa = PBXBuildFile; fileRef = A97F43F424C0543E0069DAEA /* Next14CMP.xcframework */; };
		A96D5C2425CBEB5C000C0290 /* Next14CMP.xcframework in Embed Frameworks */ = {isa = PBXBuildFile; fileRef = A97F43F424C0543E0069DAEA /* Next14CMP.xcframework */; settings = {ATTRIBUTES = (CodeSignOnCopy, RemoveHeadersOnCopy, ); }; };
/* End PBXBuildFile section */

/* Begin PBXCopyFilesBuildPhase section */
		A9469C5B24C048D400119BCE /* Embed Frameworks */ = {
			isa = PBXCopyFilesBuildPhase;
			buildActionMask = 2147483647;
			dstPath = "";
			dstSubfolderSpec = 10;
			files = (
				A96D5C2425CBEB5C000C0290 /* Next14CMP.xcframework in Embed Frameworks */,
			);
			name = "Embed Frameworks";
			runOnlyForDeploymentPostprocessing = 0;
		};
/* End PBXCopyFilesBuildPhase section */

/* Begin PBXFileReference section */
		A9469C3B24C0486A00119BCE /* Sample.app */ = {isa = PBXFileReference; explicitFileType = wrapper.application; includeInIndex = 0; path = Sample.app; sourceTree = BUILT_PRODUCTS_DIR; };
		A9469C3E24C0486A00119BCE /* AppDelegate.h */ = {isa = PBXFileReference; lastKnownFileType = sourcecode.c.h; path = AppDelegate.h; sourceTree = "<group>"; };
		A9469C3F24C0486A00119BCE /* AppDelegate.m */ = {isa = PBXFileReference; lastKnownFileType = sourcecode.c.objc; path = AppDelegate.m; sourceTree = "<group>"; };
		A9469C4424C0486A00119BCE /* ViewController.h */ = {isa = PBXFileReference; lastKnownFileType = sourcecode.c.h; path = ViewController.h; sourceTree = "<group>"; };
		A9469C4524C0486A00119BCE /* ViewController.m */ = {isa = PBXFileReference; lastKnownFileType = sourcecode.c.objc; path = ViewController.m; sourceTree = "<group>"; };
		A9469C4824C0486A00119BCE /* Base */ = {isa = PBXFileReference; lastKnownFileType = file.storyboard; name = Base; path = Base.lproj/Main.storyboard; sourceTree = "<group>"; };
		A9469C4A24C0486C00119BCE /* Assets.xcassets */ = {isa = PBXFileReference; lastKnownFileType = folder.assetcatalog; path = Assets.xcassets; sourceTree = "<group>"; };
		A9469C4D24C0486C00119BCE /* Base */ = {isa = PBXFileReference; lastKnownFileType = file.storyboard; name = Base; path = Base.lproj/LaunchScreen.storyboard; sourceTree = "<group>"; };
		A9469C4F24C0486C00119BCE /* Info.plist */ = {isa = PBXFileReference; lastKnownFileType = text.plist.xml; path = Info.plist; sourceTree = "<group>"; };
		A9469C5024C0486C00119BCE /* main.m */ = {isa = PBXFileReference; lastKnownFileType = sourcecode.c.objc; path = main.m; sourceTree = "<group>"; };
		A97F43F424C0543E0069DAEA /* Next14CMP.xcframework */ = {isa = PBXFileReference; lastKnownFileType = wrapper.xcframework; path = Next14CMP.xcframework; sourceTree = "<group>"; };
/* End PBXFileReference section */

/* Begin PBXFrameworksBuildPhase section */
		A9469C3824C0486A00119BCE /* Frameworks */ = {
			isa = PBXFrameworksBuildPhase;
			buildActionMask = 2147483647;
			files = (
				A96D5C2325CBEB5C000C0290 /* Next14CMP.xcframework in Frameworks */,
			);
			runOnlyForDeploymentPostprocessing = 0;
		};
/* End PBXFrameworksBuildPhase section */

/* Begin PBXGroup section */
		A9469C3224C0486A00119BCE = {
			isa = PBXGroup;
			children = (
				A9469C3D24C0486A00119BCE /* Sample */,
				A97F43F324C0543E0069DAEA /* Library */,
				A9469C3C24C0486A00119BCE /* Products */,
			);
			sourceTree = "<group>";
		};
		A9469C3C24C0486A00119BCE /* Products */ = {
			isa = PBXGroup;
			children = (
				A9469C3B24C0486A00119BCE /* Sample.app */,
			);
			name = Products;
			sourceTree = "<group>";
		};
		A9469C3D24C0486A00119BCE /* Sample */ = {
			isa = PBXGroup;
			children = (
				A9469C3E24C0486A00119BCE /* AppDelegate.h */,
				A9469C3F24C0486A00119BCE /* AppDelegate.m */,
				A9469C4A24C0486C00119BCE /* Assets.xcassets */,
				A9469C4F24C0486C00119BCE /* Info.plist */,
				A9469C4C24C0486C00119BCE /* LaunchScreen.storyboard */,
				A9469C5024C0486C00119BCE /* main.m */,
				A9469C4724C0486A00119BCE /* Main.storyboard */,
				A9469C4424C0486A00119BCE /* ViewController.h */,
				A9469C4524C0486A00119BCE /* ViewController.m */,
			);
			path = Sample;
			sourceTree = "<group>";
		};
		A97F43F324C0543E0069DAEA /* Library */ = {
			isa = PBXGroup;
			children = (
				A97F43F424C0543E0069DAEA /* Next14CMP.xcframework */,
			);
			name = Library;
			path = ../Library;
			sourceTree = "<group>";
		};
/* End PBXGroup section */

/* Begin PBXNativeTarget section */
		A9469C3A24C0486A00119BCE /* Sample */ = {
			isa = PBXNativeTarget;
			buildConfigurationList = A9469C5424C0486C00119BCE /* Build configuration list for PBXNativeTarget "Sample" */;
			buildPhases = (
				A9469C3724C0486A00119BCE /* Sources */,
				A9469C3824C0486A00119BCE /* Frameworks */,
				A9469C3924C0486A00119BCE /* Resources */,
				A9469C5B24C048D400119BCE /* Embed Frameworks */,
			);
			buildRules = (
			);
			dependencies = (
			);
			name = Sample;
			productName = Sample;
			productReference = A9469C3B24C0486A00119BCE /* Sample.app */;
			productType = "com.apple.product-type.application";
		};
/* End PBXNativeTarget section */

/* Begin PBXProject section */
		A9469C3324C0486A00119BCE /* Project object */ = {
			isa = PBXProject;
			attributes = {
				LastUpgradeCheck = 1150;
				ORGANIZATIONNAME = "Next 14";
				TargetAttributes = {
					A9469C3A24C0486A00119BCE = {
						CreatedOnToolsVersion = 11.5;
					};
				};
			};
			buildConfigurationList = A9469C3624C0486A00119BCE /* Build configuration list for PBXProject "Sample" */;
			compatibilityVersion = "Xcode 9.3";
			developmentRegion = en;
			hasScannedForEncodings = 0;
			knownRegions = (
				en,
				Base,
			);
			mainGroup = A9469C3224C0486A00119BCE;
			productRefGroup = A9469C3C24C0486A00119BCE /* Products */;
			projectDirPath = "";
			projectRoot = "";
			targets = (
				A9469C3A24C0486A00119BCE /* Sample */,
			);
		};
/* End PBXProject section */

/* Begin PBXResourcesBuildPhase section */
		A9469C3924C0486A00119BCE /* Resources */ = {
			isa = PBXResourcesBuildPhase;
			buildActionMask = 2147483647;
			files = (
				A9469C4E24C0486C00119BCE /* LaunchScreen.storyboard in Resources */,
				A9469C4B24C0486C00119BCE /* Assets.xcassets in Resources */,
				A9469C4924C0486A00119BCE /* Main.storyboard in Resources */,
			);
			runOnlyForDeploymentPostprocessing = 0;
		};
/* End PBXResourcesBuildPhase section */

/* Begin PBXSourcesBuildPhase section */
		A9469C3724C0486A00119BCE /* Sources */ = {
			isa = PBXSourcesBuildPhase;
			buildActionMask = 2147483647;
			files = (
				A9469C4624C0486A00119BCE /* ViewController.m in Sources */,
				A9469C4024C0486A00119BCE /* AppDelegate.m in Sources */,
				A9469C5124C0486C00119BCE /* main.m in Sources */,
			);
			runOnlyForDeploymentPostprocessing = 0;
		};
/* End PBXSourcesBuildPhase section */

/* Begin PBXVariantGroup section */
		A9469C4724C0486A00119BCE /* Main.storyboard */ = {
			isa = PBXVariantGroup;
			children = (
				A9469C4824C0486A00119BCE /* Base */,
			);
			name = Main.storyboard;
			sourceTree = "<group>";
		};
		A9469C4C24C0486C00119BCE /* LaunchScreen.storyboard */ = {
			isa = PBXVariantGroup;
			children = (
				A9469C4D24C0486C00119BCE /* Base */,
			);
			name = LaunchScreen.storyboard;
			sourceTree = "<group>";
		};
/* End PBXVariantGroup section */

/* Begin XCBuildConfiguration section */
		A9469C5224C0486C00119BCE /* Debug */ = {
			isa = XCBuildConfiguration;
			buildSettings = {
				ALWAYS_SEARCH_USER_PATHS = NO;
				CLANG_ANALYZER_NONNULL = YES;
				CLANG_ANALYZER_NUMBER_OBJECT_CONVERSION = YES_AGGRESSIVE;
				CLANG_CXX_LANGUAGE_STANDARD = "gnu++14";
				CLANG_CXX_LIBRARY = "libc++";
				CLANG_ENABLE_MODULES = YES;
				CLANG_ENABLE_OBJC_ARC = YES;
				CLANG_ENABLE_OBJC_WEAK = YES;
				CLANG_WARN_BLOCK_CAPTURE_AUTORELEASING = YES;
				CLANG_WARN_BOOL_CONVERSION = YES;
				CLANG_WARN_COMMA = YES;
				CLANG_WARN_CONSTANT_CONVERSION = YES;
				CLANG_WARN_DEPRECATED_OBJC_IMPLEMENTATIONS = YES;
				CLANG_WARN_DIRECT_OBJC_ISA_USAGE = YES_ERROR;
				CLANG_WARN_DOCUMENTATION_COMMENTS = YES;
				CLANG_WARN_EMPTY_BODY = YES;
				CLANG_WARN_ENUM_CONVERSION = YES;
				CLANG_WARN_INFINITE_RECURSION = YES;
				CLANG_WARN_INT_CONVERSION = YES;
				CLANG_WARN_NON_LITERAL_NULL_CONVERSION = YES;
				CLANG_WARN_OBJC_IMPLICIT_RETAIN_SELF = YES;
				CLANG_WARN_OBJC_LITERAL_CONVERSION = YES;
				CLANG_WARN_OBJC_ROOT_CLASS = YES_ERROR;
				CLANG_WARN_RANGE_LOOP_ANALYSIS = YES;
				CLANG_WARN_STRICT_PROTOTYPES = YES;
				CLANG_WARN_SUSPICIOUS_MOVE = YES;
				CLANG_WARN_UNGUARDED_AVAILABILITY = YES_AGGRESSIVE;
				CLANG_WARN_UNREACHABLE_CODE = YES;
				CLANG_WARN__DUPLICATE_METHOD_MATCH = YES;
				COPY_PHASE_STRIP = NO;
				DEBUG_INFORMATION_FORMAT = dwarf;
				ENABLE_STRICT_OBJC_MSGSEND = YES;
				ENABLE_TESTABILITY = YES;
				GCC_C_LANGUAGE_STANDARD = gnu11;
				GCC_DYNAMIC_NO_PIC = NO;
				GCC_NO_COMMON_BLOCKS = YES;
				GCC_OPTIMIZATION_LEVEL = 0;
				GCC_PREPROCESSOR_DEFINITIONS = (
					"DEBUG=1",
					"$(inherited)",
				);
				GCC_WARN_64_TO_32_BIT_CONVERSION = YES;
				GCC_WARN_ABOUT_RETURN_TYPE = YES_ERROR;
				GCC_WARN_UNDECLARED_SELECTOR = YES;
				GCC_WARN_UNINITIALIZED_AUTOS = YES_AGGRESSIVE;
				GCC_WARN_UNUSED_FUNCTION = YES;
				GCC_WARN_UNUSED_VARIABLE = YES;
				IPHONEOS_DEPLOYMENT_TARGET = 11.0;
				MTL_ENABLE_DEBUG_INFO = INCLUDE_SOURCE;
				MTL_FAST_MATH = YES;
				ONLY_ACTIVE_ARCH = YES;
				SDKROOT = iphoneos;
			};
			name = Debug;
		};
		A9469C5324C0486C00119BCE /* Release */ = {
			isa = XCBuildConfiguration;
			buildSettings = {
				ALWAYS_SEARCH_USER_PATHS = NO;
				CLANG_ANALYZER_NONNULL = YES;
				CLANG_ANALYZER_NUMBER_OBJECT_CONVERSION = YES_AGGRESSIVE;
				CLANG_CXX_LANGUAGE_STANDARD = "gnu++14";
				CLANG_CXX_LIBRARY = "libc++";
				CLANG_ENABLE_MODULES = YES;
				CLANG_ENABLE_OBJC_ARC = YES;
				CLANG_ENABLE_OBJC_WEAK = YES;
				CLANG_WARN_BLOCK_CAPTURE_AUTORELEASING = YES;
				CLANG_WARN_BOOL_CONVERSION = YES;
				CLANG_WARN_COMMA = YES;
				CLANG_WARN_CONSTANT_CONVERSION = YES;
				CLANG_WARN_DEPRECATED_OBJC_IMPLEMENTATIONS = YES;
				CLANG_WARN_DIRECT_OBJC_ISA_USAGE = YES_ERROR;
				CLANG_WARN_DOCUMENTATION_COMMENTS = YES;
				CLANG_WARN_EMPTY_BODY = YES;
				CLANG_WARN_ENUM_CONVERSION = YES;
				CLANG_WARN_INFINITE_RECURSION = YES;
				CLANG_WARN_INT_CONVERSION = YES;
				CLANG_WARN_NON_LITERAL_NULL_CONVERSION = YES;
				CLANG_WARN_OBJC_IMPLICIT_RETAIN_SELF = YES;
				CLANG_WARN_OBJC_LITERAL_CONVERSION = YES;
				CLANG_WARN_OBJC_ROOT_CLASS = YES_ERROR;
				CLANG_WARN_RANGE_LOOP_ANALYSIS = YES;
				CLANG_WARN_STRICT_PROTOTYPES = YES;
				CLANG_WARN_SUSPICIOUS_MOVE = YES;
				CLANG_WARN_UNGUARDED_AVAILABILITY = YES_AGGRESSIVE;
				CLANG_WARN_UNREACHABLE_CODE = YES;
				CLANG_WARN__DUPLICATE_METHOD_MATCH = YES;
				COPY_PHASE_STRIP = NO;
				DEBUG_INFORMATION_FORMAT = "dwarf-with-dsym";
				ENABLE_NS_ASSERTIONS = NO;
				ENABLE_STRICT_OBJC_MSGSEND = YES;
				GCC_C_LANGUAGE_STANDARD = gnu11;
				GCC_NO_COMMON_BLOCKS = YES;
				GCC_WARN_64_TO_32_BIT_CONVERSION = YES;
				GCC_WARN_ABOUT_RETURN_TYPE = YES_ERROR;
				GCC_WARN_UNDECLARED_SELECTOR = YES;
				GCC_WARN_UNINITIALIZED_AUTOS = YES_AGGRESSIVE;
				GCC_WARN_UNUSED_FUNCTION = YES;
				GCC_WARN_UNUSED_VARIABLE = YES;
				IPHONEOS_DEPLOYMENT_TARGET = 11.0;
				MTL_ENABLE_DEBUG_INFO = NO;
				MTL_FAST_MATH = YES;
				SDKROOT = iphoneos;
				VALIDATE_PRODUCT = YES;
			};
			name = Release;
		};
		A9469C5524C0486C00119BCE /* Debug */ = {
			isa = XCBuildConfiguration;
			buildSettings = {
				ASSETCATALOG_COMPILER_APPICON_NAME = AppIcon;
				CODE_SIGN_STYLE = Automatic;
				DEVELOPMENT_TEAM = 67BZD2K589;
				INFOPLIST_FILE = Sample/Info.plist;
				IPHONEOS_DEPLOYMENT_TARGET = 11.0;
				LD_RUNPATH_SEARCH_PATHS = (
					"$(inherited)",
					"@executable_path/Frameworks",
				);
				PRODUCT_BUNDLE_IDENTIFIER = com.next14.cmp.app.Sample;
				PRODUCT_NAME = "$(TARGET_NAME)";
				TARGETED_DEVICE_FAMILY = "1,2";
			};
			name = Debug;
		};
		A9469C5624C0486C00119BCE /* Release */ = {
			isa = XCBuildConfiguration;
			buildSettings = {
				ASSETCATALOG_COMPILER_APPICON_NAME = AppIcon;
				CODE_SIGN_STYLE = Automatic;
				DEVELOPMENT_TEAM = 67BZD2K589;
				INFOPLIST_FILE = Sample/Info.plist;
				IPHONEOS_DEPLOYMENT_TARGET = 11.0;
				LD_RUNPATH_SEARCH_PATHS = (
					"$(inherited)",
					"@executable_path/Frameworks",
				);
				PRODUCT_BUNDLE_IDENTIFIER = com.next14.cmp.app.Sample;
				PRODUCT_NAME = "$(TARGET_NAME)";
				TARGETED_DEVICE_FAMILY = "1,2";
			};
			name = Release;
		};
/* End XCBuildConfiguration section */

/* Begin XCConfigurationList section */
		A9469C3624C0486A00119BCE /* Build configuration list for PBXProject "Sample" */ = {
			isa = XCConfigurationList;
			buildConfigurations = (
				A9469C5224C0486C00119BCE /* Debug */,
				A9469C5324C0486C00119BCE /* Release */,
			);
			defaultConfigurationIsVisible = 0;
			defaultConfigurationName = Release;
		};
		A9469C5424C0486C00119BCE /* Build configuration list for PBXNativeTarget "Sample" */ = {
			isa = XCConfigurationList;
			buildConfigurations = (
				A9469C5524C0486C00119BCE /* Debug */,
				A9469C5624C0486C00119BCE /* Release */,
			);
			defaultConfigurationIsVisible = 0;
			defaultConfigurationName = Release;
		};
/* End XCConfigurationList section */
	};
	rootObject = A9469C3324C0486A00119BCE /* Project object */;
}
